{
  "name": "uptime-monitor-frontend",
  "version": "0.1.0",
  "lockfileVersion": 3,
  "requires": true,
  "packages": {
    "": {
      "name": "uptime-monitor-frontend",
      "version": "0.1.0",
      "private": true,
      "dependencies": {
        "react": "^18.2.0",
        "react-dom": "^18.2.0",
        "react-router-dom": "^6.11.0",
        "axios": "^1.4.0",
        "moment": "^2.29.4",
        "recharts": "^2.7.2",
        "react-icons": "^4.8.0"
      },
      "devDependencies": {
        "react-scripts": "5.0.1"
      }
    }
  }
}
